Microsoft Visual Studio Solution File, Format Version 9.00
# Visual Studio 2005
Project("{FAE04EC0-301F-11D3-BF4B-00C04F79EFBC}") = "ConsoleEx", "ConsoleEx.csproj", "{9152D021-A836-461D-AB68-02ADAEF74F6D}"
EndProject
Project("{FAE04EC0-301F-11D3-BF4B-00C04F79EFBC}") = "ConsoleExTest", "..\ConsoleExTest\ConsoleExTest.csproj", "{211F6CC7-1041-43CB-B472-F9C7944309B5}"
EndProject
Global
	GlobalSection(SolutionConfigurationPlatforms) = preSolution
		Debug|Any CPU = Debug|Any CPU
		Release|Any CPU = Release|Any CPU
	EndGlobalSection
	GlobalSection(ProjectConfigurationPlatforms) = postSolution
		{9152D021-A836-461D-AB68-02ADAEF74F6D}.Debug|Any CPU.ActiveCfg = Debug|Any CPU
		{9152D021-A836-461D-AB68-02ADAEF74F6D}.Debug|Any CPU.Build.0 = Debug|Any CPU
		{9152D021-A836-461D-AB68-02ADAEF74F6D}.Release|Any CPU.ActiveCfg = Release|Any CPU
		{9152D021-A836-461D-AB68-02ADAEF74F6D}.Release|Any CPU.Build.0 = Release|Any CPU
		{211F6CC7-1041-43CB-B472-F9C7944309B5}.Debug|Any CPU.ActiveCfg = Debug|Any CPU
		{211F6CC7-1041-43CB-B472-F9C7944309B5}.Debug|Any CPU.Build.0 = Debug|Any CPU
		{211F6CC7-1041-43CB-B472-F9C7944309B5}.Release|Any CPU.ActiveCfg = Release|Any CPU
		{211F6CC7-1041-43CB-B472-F9C7944309B5}.Release|Any CPU.Build.0 = Release|Any CPU
	EndGlobalSection
	GlobalSection(SolutionProperties) = preSolution
		HideSolutionNode = FALSE
	EndGlobalSection
EndGlobal
